<?xml version="1.0" encoding="UTF-8" standalone="yes" ?>
<CodeBlocks_project_file>
	<FileVersion major="1" minor="6" />
	<Project>
		<Option title="xf_pthread" />
		<Option pch_mode="2" />
		<Option compiler="gcc" />
		<Build>
			<Target title="Debug">
				<Option output="bin/Debug/xf_pthread" prefix_auto="1" extension_auto="1" />
				<Option object_output="obj/Debug/" />
				<Option type="1" />
				<Option compiler="gcc" />
				<Compiler>
					<Add option="-g" />
				</Compiler>
			</Target>
			<Target title="Release">
				<Option output="bin/Release/xf_pthread" prefix_auto="1" extension_auto="1" />
				<Option object_output="obj/Release/" />
				<Option type="1" />
				<Option compiler="gcc" />
				<Compiler>
					<Add option="-O2" />
				</Compiler>
				<Linker>
					<Add option="-s" />
				</Linker>
			</Target>
		</Build>
		<Compiler>
			<Add option="-Wall" />
		</Compiler>
		<Unit filename="../Makefile" />
		<Unit filename="../linuxrec.c">
			<Option compilerVar="CC" />
		</Unit>
		<Unit filename="../main.c">
			<Option compilerVar="CC" />
		</Unit>
		<Unit filename="../main.h" />
		<Unit filename="../play_voice.c">
			<Option compilerVar="CC" />
		</Unit>
		<Unit filename="../play_voice.h" />
		<Unit filename="../speech_recognizer.c">
			<Option compilerVar="CC" />
		</Unit>
		<Unit filename="../xf_iar.c">
			<Option compilerVar="CC" />
		</Unit>
		<Unit filename="../xf_iar.h" />
		<Unit filename="../xf_tts.c">
			<Option compilerVar="CC" />
		</Unit>
		<Unit filename="../xf_tts.h" />
		<Unit filename="../xf_voice_pthread.c">
			<Option compilerVar="CC" />
		</Unit>
		<Unit filename="../xf_voice_pthread.h" />
		<Extensions>
			<code_completion />
			<envvars />
			<debugger />
		</Extensions>
	</Project>
</CodeBlocks_project_file>
